
Microsoft Visual Studio Solution File, Format Version 12.00
# Visual Studio Version 17
VisualStudioVersion = 17.4.33205.214
MinimumVisualStudioVersion = 10.0.40219.1
Project("{FAE04EC0-301F-11D3-BF4B-00C04F79EFBC}") = "CreateZIPFile.Model", "CreateZIPFile.Model\CreateZIPFile.Model.csproj", "{004A4710-69B7-4E93-B450-77995925899C}"
EndProject
Project("{FAE04EC0-301F-11D3-BF4B-00C04F79EFBC}") = "CreateZIPFile.Entities", "CreateZIPFile.Entities\CreateZIPFile.Entities.csproj", "{037143C4-FD07-48BE-BA04-AC0DF842CF22}"
EndProject
Project("{FAE04EC0-301F-11D3-BF4B-00C04F79EFBC}") = "CreateZIPFile.UI", "CreateZIPFile.UI\CreateZIPFile.UI.csproj", "{F0559588-36A5-4C21-8C0A-06BEF5E06E2C}"
EndProject
Global
	GlobalSection(SolutionConfigurationPlatforms) = preSolution
		Debug|Any CPU = Debug|Any CPU
		Release|Any CPU = Release|Any CPU
	EndGlobalSection
	GlobalSection(ProjectConfigurationPlatforms) = postSolution
		{004A4710-69B7-4E93-B450-77995925899C}.Debug|Any CPU.ActiveCfg = Debug|Any CPU
		{004A4710-69B7-4E93-B450-77995925899C}.Debug|Any CPU.Build.0 = Debug|Any CPU
		{004A4710-69B7-4E93-B450-77995925899C}.Release|Any CPU.ActiveCfg = Release|Any CPU
		{004A4710-69B7-4E93-B450-77995925899C}.Release|Any CPU.Build.0 = Release|Any CPU
		{037143C4-FD07-48BE-BA04-AC0DF842CF22}.Debug|Any CPU.ActiveCfg = Debug|Any CPU
		{037143C4-FD07-48BE-BA04-AC0DF842CF22}.Debug|Any CPU.Build.0 = Debug|Any CPU
		{037143C4-FD07-48BE-BA04-AC0DF842CF22}.Release|Any CPU.ActiveCfg = Release|Any CPU
		{037143C4-FD07-48BE-BA04-AC0DF842CF22}.Release|Any CPU.Build.0 = Release|Any CPU
		{F0559588-36A5-4C21-8C0A-06BEF5E06E2C}.Debug|Any CPU.ActiveCfg = Debug|Any CPU
		{F0559588-36A5-4C21-8C0A-06BEF5E06E2C}.Debug|Any CPU.Build.0 = Debug|Any CPU
		{F0559588-36A5-4C21-8C0A-06BEF5E06E2C}.Release|Any CPU.ActiveCfg = Release|Any CPU
		{F0559588-36A5-4C21-8C0A-06BEF5E06E2C}.Release|Any CPU.Build.0 = Release|Any CPU
	EndGlobalSection
	GlobalSection(SolutionProperties) = preSolution
		HideSolutionNode = FALSE
	EndGlobalSection
	GlobalSection(ExtensibilityGlobals) = postSolution
		SolutionGuid = {7CEC4654-F67F-453E-A817-C868459D95B8}
	EndGlobalSection
EndGlobal
